// !$*UTF8*$!
{
	archiveVersion = 1;
	classes = {
	};
	objectVersion = 46;
	objects = {

/* Begin PBXBuildFile section */
		EED49F7A1DA6372C00E9A9E1 /* main.m in Sources */ = {isa = PBXBuildFile; fileRef = EED49F791DA6372C00E9A9E1 /* main.m */; };
		EED49F7D1DA6372C00E9A9E1 /* AppDelegate.m in Sources */ = {isa = PBXBuildFile; fileRef = EED49F7C1DA6372C00E9A9E1 /* AppDelegate.m */; };
		EED49F831DA6372C00E9A9E1 /* Main.storyboard in Resources */ = {isa = PBXBuildFile; fileRef = EED49F811DA6372C00E9A9E1 /* Main.storyboard */; };
		EED49F851DA6372C00E9A9E1 /* Assets.xcassets in Resources */ = {isa = PBXBuildFile; fileRef = EED49F841DA6372C00E9A9E1 /* Assets.xcassets */; };
		EED49F881DA6372C00E9A9E1 /* LaunchScreen.storyboard in Resources */ = {isa = PBXBuildFile; fileRef = EED49F861DA6372C00E9A9E1 /* LaunchScreen.storyboard */; };
		EED49F911DA63A6F00E9A9E1 /* BNRColorViewController.m in Sources */ = {isa = PBXBuildFile; fileRef = EED49F901DA63A6F00E9A9E1 /* BNRColorViewController.m */; };
		EED49F941DA63E7800E9A9E1 /* BNRPaletteViewController.m in Sources */ = {isa = PBXBuildFile; fileRef = EED49F931DA63E7800E9A9E1 /* BNRPaletteViewController.m */; };
		EED49F971DA63F4600E9A9E1 /* BNRColorDescription.m in Sources */ = {isa = PBXBuildFile; fileRef = EED49F961DA63F4600E9A9E1 /* BNRColorDescription.m */; };
/* End PBXBuildFile section */

/* Begin PBXFileReference section */
		EED49F751DA6372C00E9A9E1 /* Colorboard.app */ = {isa = PBXFileReference; explicitFileType = wrapper.application; includeInIndex = 0; path = Colorboard.app; sourceTree = BUILT_PRODUCTS_DIR; };
		EED49F791DA6372C00E9A9E1 /* main.m */ = {isa = PBXFileReference; lastKnownFileType = sourcecode.c.objc; path = main.m; sourceTree = "<group>"; };
		EED49F7B1DA6372C00E9A9E1 /* AppDelegate.h */ = {isa = PBXFileReference; lastKnownFileType = sourcecode.c.h; path = AppDelegate.h; sourceTree = "<group>"; };
		EED49F7C1DA6372C00E9A9E1 /* AppDelegate.m */ = {isa = PBXFileReference; lastKnownFileType = sourcecode.c.objc; path = AppDelegate.m; sourceTree = "<group>"; };
		EED49F821DA6372C00E9A9E1 /* Base */ = {isa = PBXFileReference; lastKnownFileType = file.storyboard; name = Base; path = Base.lproj/Main.storyboard; sourceTree = "<group>"; };
		EED49F841DA6372C00E9A9E1 /* Assets.xcassets */ = {isa = PBXFileReference; lastKnownFileType = folder.assetcatalog; path = Assets.xcassets; sourceTree = "<group>"; };
		EED49F871DA6372C00E9A9E1 /* Base */ = {isa = PBXFileReference; lastKnownFileType = file.storyboard; name = Base; path = Base.lproj/LaunchScreen.storyboard; sourceTree = "<group>"; };
		EED49F891DA6372C00E9A9E1 /* Info.plist */ = {isa = PBXFileReference; lastKnownFileType = text.plist.xml; path = Info.plist; sourceTree = "<group>"; };
		EED49F8F1DA63A6F00E9A9E1 /* BNRColorViewController.h */ = {isa = PBXFileReference; fileEncoding = 4; lastKnownFileType = sourcecode.c.h; path = BNRColorViewController.h; sourceTree = "<group>"; };
		EED49F901DA63A6F00E9A9E1 /* BNRColorViewController.m */ = {isa = PBXFileReference; fileEncoding = 4; lastKnownFileType = sourcecode.c.objc; path = BNRColorViewController.m; sourceTree = "<group>"; };
		EED49F921DA63E7800E9A9E1 /* BNRPaletteViewController.h */ = {isa = PBXFileReference; fileEncoding = 4; lastKnownFileType = sourcecode.c.h; path = BNRPaletteViewController.h; sourceTree = "<group>"; };
		EED49F931DA63E7800E9A9E1 /* BNRPaletteViewController.m */ = {isa = PBXFileReference; fileEncoding = 4; lastKnownFileType = sourcecode.c.objc; path = BNRPaletteViewController.m; sourceTree = "<group>"; };
		EED49F951DA63F4600E9A9E1 /* BNRColorDescription.h */ = {isa = PBXFileReference; fileEncoding = 4; lastKnownFileType = sourcecode.c.h; path = BNRColorDescription.h; sourceTree = "<group>"; };
		EED49F961DA63F4600E9A9E1 /* BNRColorDescription.m */ = {isa = PBXFileReference; fileEncoding = 4; lastKnownFileType = sourcecode.c.objc; path = BNRColorDescription.m; sourceTree = "<group>"; };
/* End PBXFileReference section */

/* Begin PBXFrameworksBuildPhase section */
		EED49F721DA6372C00E9A9E1 /* Frameworks */ = {
			isa = PBXFrameworksBuildPhase;
			buildActionMask = 2147483647;
			files = (
			);
			runOnlyForDeploymentPostprocessing = 0;
		};
/* End PBXFrameworksBuildPhase section */

/* Begin PBXGroup section */
		EED49F6C1DA6372C00E9A9E1 = {
			isa = PBXGroup;
			children = (
				EED49F771DA6372C00E9A9E1 /* Colorboard */,
				EED49F761DA6372C00E9A9E1 /* Products */,
			);
			sourceTree = "<group>";
		};
		EED49F761DA6372C00E9A9E1 /* Products */ = {
			isa = PBXGroup;
			children = (
				EED49F751DA6372C00E9A9E1 /* Colorboard.app */,
			);
			name = Products;
			sourceTree = "<group>";
		};
		EED49F771DA6372C00E9A9E1 /* Colorboard */ = {
			isa = PBXGroup;
			children = (
				EED49F7B1DA6372C00E9A9E1 /* AppDelegate.h */,
				EED49F7C1DA6372C00E9A9E1 /* AppDelegate.m */,
				EED49F8F1DA63A6F00E9A9E1 /* BNRColorViewController.h */,
				EED49F901DA63A6F00E9A9E1 /* BNRColorViewController.m */,
				EED49F921DA63E7800E9A9E1 /* BNRPaletteViewController.h */,
				EED49F931DA63E7800E9A9E1 /* BNRPaletteViewController.m */,
				EED49F951DA63F4600E9A9E1 /* BNRColorDescription.h */,
				EED49F961DA63F4600E9A9E1 /* BNRColorDescription.m */,
				EED49F811DA6372C00E9A9E1 /* Main.storyboard */,
				EED49F841DA6372C00E9A9E1 /* Assets.xcassets */,
				EED49F861DA6372C00E9A9E1 /* LaunchScreen.storyboard */,
				EED49F891DA6372C00E9A9E1 /* Info.plist */,
				EED49F781DA6372C00E9A9E1 /* Supporting Files */,
			);
			path = Colorboard;
			sourceTree = "<group>";
		};
		EED49F781DA6372C00E9A9E1 /* Supporting Files */ = {
			isa = PBXGroup;
			children = (
				EED49F791DA6372C00E9A9E1 /* main.m */,
			);
			name = "Supporting Files";
			sourceTree = "<group>";
		};
/* End PBXGroup section */

/* Begin PBXNativeTarget section */
		EED49F741DA6372C00E9A9E1 /* Colorboard */ = {
			isa = PBXNativeTarget;
			buildConfigurationList = EED49F8C1DA6372C00E9A9E1 /* Build configuration list for PBXNativeTarget "Colorboard" */;
			buildPhases = (
				EED49F711DA6372C00E9A9E1 /* Sources */,
				EED49F721DA6372C00E9A9E1 /* Frameworks */,
				EED49F731DA6372C00E9A9E1 /* Resources */,
			);
			buildRules = (
			);
			dependencies = (
			);
			name = Colorboard;
			productName = Colorboard;
			productReference = EED49F751DA6372C00E9A9E1 /* Colorboard.app */;
			productType = "com.apple.product-type.application";
		};
/* End PBXNativeTarget section */

/* Begin PBXProject section */
		EED49F6D1DA6372C00E9A9E1 /* Project object */ = {
			isa = PBXProject;
			attributes = {
				LastUpgradeCheck = 0730;
				ORGANIZATIONNAME = "洪龙通";
				TargetAttributes = {
					EED49F741DA6372C00E9A9E1 = {
						CreatedOnToolsVersion = 7.3.1;
						DevelopmentTeam = GRT2DH3R4P;
					};
				};
			};
			buildConfigurationList = EED49F701DA6372C00E9A9E1 /* Build configuration list for PBXProject "Colorboard" */;
			compatibilityVersion = "Xcode 3.2";
			developmentRegion = English;
			hasScannedForEncodings = 0;
			knownRegions = (
				en,
				Base,
			);
			mainGroup = EED49F6C1DA6372C00E9A9E1;
			productRefGroup = EED49F761DA6372C00E9A9E1 /* Products */;
			projectDirPath = "";
			projectRoot = "";
			targets = (
				EED49F741DA6372C00E9A9E1 /* Colorboard */,
			);
		};
/* End PBXProject section */

/* Begin PBXResourcesBuildPhase section */
		EED49F731DA6372C00E9A9E1 /* Resources */ = {
			isa = PBXResourcesBuildPhase;
			buildActionMask = 2147483647;
			files = (
				EED49F881DA6372C00E9A9E1 /* LaunchScreen.storyboard in Resources */,
				EED49F851DA6372C00E9A9E1 /* Assets.xcassets in Resources */,
				EED49F831DA6372C00E9A9E1 /* Main.storyboard in Resources */,
			);
			runOnlyForDeploymentPostprocessing = 0;
		};
/* End PBXResourcesBuildPhase section */

/* Begin PBXSourcesBuildPhase section */
		EED49F711DA6372C00E9A9E1 /* Sources */ = {
			isa = PBXSourcesBuildPhase;
			buildActionMask = 2147483647;
			files = (
				EED49F7D1DA6372C00E9A9E1 /* AppDelegate.m in Sources */,
				EED49F941DA63E7800E9A9E1 /* BNRPaletteViewController.m in Sources */,
				EED49F971DA63F4600E9A9E1 /* BNRColorDescription.m in Sources */,
				EED49F7A1DA6372C00E9A9E1 /* main.m in Sources */,
				EED49F911DA63A6F00E9A9E1 /* BNRColorViewController.m in Sources */,
			);
			runOnlyForDeploymentPostprocessing = 0;
		};
/* End PBXSourcesBuildPhase section */

/* Begin PBXVariantGroup section */
		EED49F811DA6372C00E9A9E1 /* Main.storyboard */ = {
			isa = PBXVariantGroup;
			children = (
				EED49F821DA6372C00E9A9E1 /* Base */,
			);
			name = Main.storyboard;
			sourceTree = "<group>";
		};
		EED49F861DA6372C00E9A9E1 /* LaunchScreen.storyboard */ = {
			isa = PBXVariantGroup;
			children = (
				EED49F871DA6372C00E9A9E1 /* Base */,
			);
			name = LaunchScreen.storyboard;
			sourceTree = "<group>";
		};
/* End PBXVariantGroup section */

/* Begin XCBuildConfiguration section */
		EED49F8A1DA6372C00E9A9E1 /* Debug */ = {
			isa = XCBuildConfiguration;
			buildSettings = {
				ALWAYS_SEARCH_USER_PATHS = NO;
				CLANG_ANALYZER_NONNULL = YES;
				CLANG_CXX_LANGUAGE_STANDARD = "gnu++0x";
				CLANG_CXX_LIBRARY = "libc++";
				CLANG_ENABLE_MODULES = YES;
				CLANG_ENABLE_OBJC_ARC = YES;
				CLANG_WARN_BOOL_CONVERSION = YES;
				CLANG_WARN_CONSTANT_CONVERSION = YES;
				CLANG_WARN_DIRECT_OBJC_ISA_USAGE = YES_ERROR;
				CLANG_WARN_EMPTY_BODY = YES;
				CLANG_WARN_ENUM_CONVERSION = YES;
				CLANG_WARN_INT_CONVERSION = YES;
				CLANG_WARN_OBJC_ROOT_CLASS = YES_ERROR;
				CLANG_WARN_UNREACHABLE_CODE = YES;
				CLANG_WARN__DUPLICATE_METHOD_MATCH = YES;
				"CODE_SIGN_IDENTITY[sdk=iphoneos*]" = "iPhone Developer";
				COPY_PHASE_STRIP = NO;
				DEBUG_INFORMATION_FORMAT = dwarf;
				ENABLE_STRICT_OBJC_MSGSEND = YES;
				ENABLE_TESTABILITY = YES;
				GCC_C_LANGUAGE_STANDARD = gnu99;
				GCC_DYNAMIC_NO_PIC = NO;
				GCC_NO_COMMON_BLOCKS = YES;
				GCC_OPTIMIZATION_LEVEL = 0;
				GCC_PREPROCESSOR_DEFINITIONS = (
					"DEBUG=1",
					"$(inherited)",
				);
				GCC_WARN_64_TO_32_BIT_CONVERSION = YES;
				GCC_WARN_ABOUT_RETURN_TYPE = YES_ERROR;
				GCC_WARN_UNDECLARED_SELECTOR = YES;
				GCC_WARN_UNINITIALIZED_AUTOS = YES_AGGRESSIVE;
				GCC_WARN_UNUSED_FUNCTION = YES;
				GCC_WARN_UNUSED_VARIABLE = YES;
				IPHONEOS_DEPLOYMENT_TARGET = 9.3;
				MTL_ENABLE_DEBUG_INFO = YES;
				ONLY_ACTIVE_ARCH = YES;
				SDKROOT = iphoneos;
			};
			name = Debug;
		};
		EED49F8B1DA6372C00E9A9E1 /* Release */ = {
			isa = XCBuildConfiguration;
			buildSettings = {
				ALWAYS_SEARCH_USER_PATHS = NO;
				CLANG_ANALYZER_NONNULL = YES;
				CLANG_CXX_LANGUAGE_STANDARD = "gnu++0x";
				CLANG_CXX_LIBRARY = "libc++";
				CLANG_ENABLE_MODULES = YES;
				CLANG_ENABLE_OBJC_ARC = YES;
				CLANG_WARN_BOOL_CONVERSION = YES;
				CLANG_WARN_CONSTANT_CONVERSION = YES;
				CLANG_WARN_DIRECT_OBJC_ISA_USAGE = YES_ERROR;
				CLANG_WARN_EMPTY_BODY = YES;
				CLANG_WARN_ENUM_CONVERSION = YES;
				CLANG_WARN_INT_CONVERSION = YES;
				CLANG_WARN_OBJC_ROOT_CLASS = YES_ERROR;
				CLANG_WARN_UNREACHABLE_CODE = YES;
				CLANG_WARN__DUPLICATE_METHOD_MATCH = YES;
				"CODE_SIGN_IDENTITY[sdk=iphoneos*]" = "iPhone Developer";
				COPY_PHASE_STRIP = NO;
				DEBUG_INFORMATION_FORMAT = "dwarf-with-dsym";
				ENABLE_NS_ASSERTIONS = NO;
				ENABLE_STRICT_OBJC_MSGSEND = YES;
				GCC_C_LANGUAGE_STANDARD = gnu99;
				GCC_NO_COMMON_BLOCKS = YES;
				GCC_WARN_64_TO_32_BIT_CONVERSION = YES;
				GCC_WARN_ABOUT_RETURN_TYPE = YES_ERROR;
				GCC_WARN_UNDECLARED_SELECTOR = YES;
				GCC_WARN_UNINITIALIZED_AUTOS = YES_AGGRESSIVE;
				GCC_WARN_UNUSED_FUNCTION = YES;
				GCC_WARN_UNUSED_VARIABLE = YES;
				IPHONEOS_DEPLOYMENT_TARGET = 9.3;
				MTL_ENABLE_DEBUG_INFO = NO;
				SDKROOT = iphoneos;
				VALIDATE_PRODUCT = YES;
			};
			name = Release;
		};
		EED49F8D1DA6372C00E9A9E1 /* Debug */ = {
			isa = XCBuildConfiguration;
			buildSettings = {
				ASSETCATALOG_COMPILER_APPICON_NAME = AppIcon;
				INFOPLIST_FILE = Colorboard/Info.plist;
				LD_RUNPATH_SEARCH_PATHS = "$(inherited) @executable_path/Frameworks";
				PRODUCT_BUNDLE_IDENTIFIER = honglt.Colorboard;
				PRODUCT_NAME = "$(TARGET_NAME)";
			};
			name = Debug;
		};
		EED49F8E1DA6372C00E9A9E1 /* Release */ = {
			isa = XCBuildConfiguration;
			buildSettings = {
				ASSETCATALOG_COMPILER_APPICON_NAME = AppIcon;
				INFOPLIST_FILE = Colorboard/Info.plist;
				LD_RUNPATH_SEARCH_PATHS = "$(inherited) @executable_path/Frameworks";
				PRODUCT_BUNDLE_IDENTIFIER = honglt.Colorboard;
				PRODUCT_NAME = "$(TARGET_NAME)";
			};
			name = Release;
		};
/* End XCBuildConfiguration section */

/* Begin XCConfigurationList section */
		EED49F701DA6372C00E9A9E1 /* Build configuration list for PBXProject "Colorboard" */ = {
			isa = XCConfigurationList;
			buildConfigurations = (
				EED49F8A1DA6372C00E9A9E1 /* Debug */,
				EED49F8B1DA6372C00E9A9E1 /* Release */,
			);
			defaultConfigurationIsVisible = 0;
			defaultConfigurationName = Release;
		};
		EED49F8C1DA6372C00E9A9E1 /* Build configuration list for PBXNativeTarget "Colorboard" */ = {
			isa = XCConfigurationList;
			buildConfigurations = (
				EED49F8D1DA6372C00E9A9E1 /* Debug */,
				EED49F8E1DA6372C00E9A9E1 /* Release */,
			);
			defaultConfigurationIsVisible = 0;
		};
/* End XCConfigurationList section */
	};
	rootObject = EED49F6D1DA6372C00E9A9E1 /* Project object */;
}
