// !$*UTF8*$!
{
	archiveVersion = 1;
	classes = {
	};
	objectVersion = 46;
	objects = {

/* Begin PBXBuildFile section */
		EE0626801DA4A21300A0CEF0 /* main.m in Sources */ = {isa = PBXBuildFile; fileRef = EE06267F1DA4A21300A0CEF0 /* main.m */; };
		EE0626831DA4A21300A0CEF0 /* AppDelegate.m in Sources */ = {isa = PBXBuildFile; fileRef = EE0626821DA4A21300A0CEF0 /* AppDelegate.m */; };
		EE0626891DA4A21300A0CEF0 /* Main.storyboard in Resources */ = {isa = PBXBuildFile; fileRef = EE0626871DA4A21300A0CEF0 /* Main.storyboard */; };
		EE06268B1DA4A21300A0CEF0 /* Assets.xcassets in Resources */ = {isa = PBXBuildFile; fileRef = EE06268A1DA4A21300A0CEF0 /* Assets.xcassets */; };
		EE06268E1DA4A21300A0CEF0 /* LaunchScreen.storyboard in Resources */ = {isa = PBXBuildFile; fileRef = EE06268C1DA4A21300A0CEF0 /* LaunchScreen.storyboard */; };
		EE0626971DA4A24300A0CEF0 /* BNRCoursesViewController.m in Sources */ = {isa = PBXBuildFile; fileRef = EE0626961DA4A24300A0CEF0 /* BNRCoursesViewController.m */; };
		EE06269A1DA4A8C100A0CEF0 /* BNRWebViewController.m in Sources */ = {isa = PBXBuildFile; fileRef = EE0626991DA4A8C100A0CEF0 /* BNRWebViewController.m */; };
/* End PBXBuildFile section */

/* Begin PBXFileReference section */
		EE06267B1DA4A21300A0CEF0 /* Nerdfeed.app */ = {isa = PBXFileReference; explicitFileType = wrapper.application; includeInIndex = 0; path = Nerdfeed.app; sourceTree = BUILT_PRODUCTS_DIR; };
		EE06267F1DA4A21300A0CEF0 /* main.m */ = {isa = PBXFileReference; lastKnownFileType = sourcecode.c.objc; path = main.m; sourceTree = "<group>"; };
		EE0626811DA4A21300A0CEF0 /* AppDelegate.h */ = {isa = PBXFileReference; lastKnownFileType = sourcecode.c.h; path = AppDelegate.h; sourceTree = "<group>"; };
		EE0626821DA4A21300A0CEF0 /* AppDelegate.m */ = {isa = PBXFileReference; lastKnownFileType = sourcecode.c.objc; path = AppDelegate.m; sourceTree = "<group>"; };
		EE0626881DA4A21300A0CEF0 /* Base */ = {isa = PBXFileReference; lastKnownFileType = file.storyboard; name = Base; path = Base.lproj/Main.storyboard; sourceTree = "<group>"; };
		EE06268A1DA4A21300A0CEF0 /* Assets.xcassets */ = {isa = PBXFileReference; lastKnownFileType = folder.assetcatalog; path = Assets.xcassets; sourceTree = "<group>"; };
		EE06268D1DA4A21300A0CEF0 /* Base */ = {isa = PBXFileReference; lastKnownFileType = file.storyboard; name = Base; path = Base.lproj/LaunchScreen.storyboard; sourceTree = "<group>"; };
		EE06268F1DA4A21300A0CEF0 /* Info.plist */ = {isa = PBXFileReference; lastKnownFileType = text.plist.xml; path = Info.plist; sourceTree = "<group>"; };
		EE0626951DA4A24300A0CEF0 /* BNRCoursesViewController.h */ = {isa = PBXFileReference; fileEncoding = 4; lastKnownFileType = sourcecode.c.h; path = BNRCoursesViewController.h; sourceTree = "<group>"; };
		EE0626961DA4A24300A0CEF0 /* BNRCoursesViewController.m */ = {isa = PBXFileReference; fileEncoding = 4; lastKnownFileType = sourcecode.c.objc; path = BNRCoursesViewController.m; sourceTree = "<group>"; };
		EE0626981DA4A8C100A0CEF0 /* BNRWebViewController.h */ = {isa = PBXFileReference; fileEncoding = 4; lastKnownFileType = sourcecode.c.h; path = BNRWebViewController.h; sourceTree = "<group>"; };
		EE0626991DA4A8C100A0CEF0 /* BNRWebViewController.m */ = {isa = PBXFileReference; fileEncoding = 4; lastKnownFileType = sourcecode.c.objc; path = BNRWebViewController.m; sourceTree = "<group>"; };
/* End PBXFileReference section */

/* Begin PBXFrameworksBuildPhase section */
		EE0626781DA4A21300A0CEF0 /* Frameworks */ = {
			isa = PBXFrameworksBuildPhase;
			buildActionMask = 2147483647;
			files = (
			);
			runOnlyForDeploymentPostprocessing = 0;
		};
/* End PBXFrameworksBuildPhase section */

/* Begin PBXGroup section */
		EE0626721DA4A21300A0CEF0 = {
			isa = PBXGroup;
			children = (
				EE06267D1DA4A21300A0CEF0 /* Nerdfeed */,
				EE06267C1DA4A21300A0CEF0 /* Products */,
			);
			sourceTree = "<group>";
		};
		EE06267C1DA4A21300A0CEF0 /* Products */ = {
			isa = PBXGroup;
			children = (
				EE06267B1DA4A21300A0CEF0 /* Nerdfeed.app */,
			);
			name = Products;
			sourceTree = "<group>";
		};
		EE06267D1DA4A21300A0CEF0 /* Nerdfeed */ = {
			isa = PBXGroup;
			children = (
				EE0626811DA4A21300A0CEF0 /* AppDelegate.h */,
				EE0626821DA4A21300A0CEF0 /* AppDelegate.m */,
				EE0626951DA4A24300A0CEF0 /* BNRCoursesViewController.h */,
				EE0626961DA4A24300A0CEF0 /* BNRCoursesViewController.m */,
				EE0626981DA4A8C100A0CEF0 /* BNRWebViewController.h */,
				EE0626991DA4A8C100A0CEF0 /* BNRWebViewController.m */,
				EE0626871DA4A21300A0CEF0 /* Main.storyboard */,
				EE06268A1DA4A21300A0CEF0 /* Assets.xcassets */,
				EE06268C1DA4A21300A0CEF0 /* LaunchScreen.storyboard */,
				EE06268F1DA4A21300A0CEF0 /* Info.plist */,
				EE06267E1DA4A21300A0CEF0 /* Supporting Files */,
			);
			path = Nerdfeed;
			sourceTree = "<group>";
		};
		EE06267E1DA4A21300A0CEF0 /* Supporting Files */ = {
			isa = PBXGroup;
			children = (
				EE06267F1DA4A21300A0CEF0 /* main.m */,
			);
			name = "Supporting Files";
			sourceTree = "<group>";
		};
/* End PBXGroup section */

/* Begin PBXNativeTarget section */
		EE06267A1DA4A21300A0CEF0 /* Nerdfeed */ = {
			isa = PBXNativeTarget;
			buildConfigurationList = EE0626921DA4A21300A0CEF0 /* Build configuration list for PBXNativeTarget "Nerdfeed" */;
			buildPhases = (
				EE0626771DA4A21300A0CEF0 /* Sources */,
				EE0626781DA4A21300A0CEF0 /* Frameworks */,
				EE0626791DA4A21300A0CEF0 /* Resources */,
			);
			buildRules = (
			);
			dependencies = (
			);
			name = Nerdfeed;
			productName = Nerdfeed;
			productReference = EE06267B1DA4A21300A0CEF0 /* Nerdfeed.app */;
			productType = "com.apple.product-type.application";
		};
/* End PBXNativeTarget section */

/* Begin PBXProject section */
		EE0626731DA4A21300A0CEF0 /* Project object */ = {
			isa = PBXProject;
			attributes = {
				LastUpgradeCheck = 0730;
				ORGANIZATIONNAME = "洪龙通";
				TargetAttributes = {
					EE06267A1DA4A21300A0CEF0 = {
						CreatedOnToolsVersion = 7.3.1;
						DevelopmentTeam = GRT2DH3R4P;
					};
				};
			};
			buildConfigurationList = EE0626761DA4A21300A0CEF0 /* Build configuration list for PBXProject "Nerdfeed" */;
			compatibilityVersion = "Xcode 3.2";
			developmentRegion = English;
			hasScannedForEncodings = 0;
			knownRegions = (
				en,
				Base,
			);
			mainGroup = EE0626721DA4A21300A0CEF0;
			productRefGroup = EE06267C1DA4A21300A0CEF0 /* Products */;
			projectDirPath = "";
			projectRoot = "";
			targets = (
				EE06267A1DA4A21300A0CEF0 /* Nerdfeed */,
			);
		};
/* End PBXProject section */

/* Begin PBXResourcesBuildPhase section */
		EE0626791DA4A21300A0CEF0 /* Resources */ = {
			isa = PBXResourcesBuildPhase;
			buildActionMask = 2147483647;
			files = (
				EE06268E1DA4A21300A0CEF0 /* LaunchScreen.storyboard in Resources */,
				EE06268B1DA4A21300A0CEF0 /* Assets.xcassets in Resources */,
				EE0626891DA4A21300A0CEF0 /* Main.storyboard in Resources */,
			);
			runOnlyForDeploymentPostprocessing = 0;
		};
/* End PBXResourcesBuildPhase section */

/* Begin PBXSourcesBuildPhase section */
		EE0626771DA4A21300A0CEF0 /* Sources */ = {
			isa = PBXSourcesBuildPhase;
			buildActionMask = 2147483647;
			files = (
				EE06269A1DA4A8C100A0CEF0 /* BNRWebViewController.m in Sources */,
				EE0626831DA4A21300A0CEF0 /* AppDelegate.m in Sources */,
				EE0626801DA4A21300A0CEF0 /* main.m in Sources */,
				EE0626971DA4A24300A0CEF0 /* BNRCoursesViewController.m in Sources */,
			);
			runOnlyForDeploymentPostprocessing = 0;
		};
/* End PBXSourcesBuildPhase section */

/* Begin PBXVariantGroup section */
		EE0626871DA4A21300A0CEF0 /* Main.storyboard */ = {
			isa = PBXVariantGroup;
			children = (
				EE0626881DA4A21300A0CEF0 /* Base */,
			);
			name = Main.storyboard;
			sourceTree = "<group>";
		};
		EE06268C1DA4A21300A0CEF0 /* LaunchScreen.storyboard */ = {
			isa = PBXVariantGroup;
			children = (
				EE06268D1DA4A21300A0CEF0 /* Base */,
			);
			name = LaunchScreen.storyboard;
			sourceTree = "<group>";
		};
/* End PBXVariantGroup section */

/* Begin XCBuildConfiguration section */
		EE0626901DA4A21300A0CEF0 /* Debug */ = {
			isa = XCBuildConfiguration;
			buildSettings = {
				ALWAYS_SEARCH_USER_PATHS = NO;
				CLANG_ANALYZER_NONNULL = YES;
				CLANG_CXX_LANGUAGE_STANDARD = "gnu++0x";
				CLANG_CXX_LIBRARY = "libc++";
				CLANG_ENABLE_MODULES = YES;
				CLANG_ENABLE_OBJC_ARC = YES;
				CLANG_WARN_BOOL_CONVERSION = YES;
				CLANG_WARN_CONSTANT_CONVERSION = YES;
				CLANG_WARN_DIRECT_OBJC_ISA_USAGE = YES_ERROR;
				CLANG_WARN_EMPTY_BODY = YES;
				CLANG_WARN_ENUM_CONVERSION = YES;
				CLANG_WARN_INT_CONVERSION = YES;
				CLANG_WARN_OBJC_ROOT_CLASS = YES_ERROR;
				CLANG_WARN_UNREACHABLE_CODE = YES;
				CLANG_WARN__DUPLICATE_METHOD_MATCH = YES;
				"CODE_SIGN_IDENTITY[sdk=iphoneos*]" = "iPhone Developer";
				COPY_PHASE_STRIP = NO;
				DEBUG_INFORMATION_FORMAT = dwarf;
				ENABLE_STRICT_OBJC_MSGSEND = YES;
				ENABLE_TESTABILITY = YES;
				GCC_C_LANGUAGE_STANDARD = gnu99;
				GCC_DYNAMIC_NO_PIC = NO;
				GCC_NO_COMMON_BLOCKS = YES;
				GCC_OPTIMIZATION_LEVEL = 0;
				GCC_PREPROCESSOR_DEFINITIONS = (
					"DEBUG=1",
					"$(inherited)",
				);
				GCC_WARN_64_TO_32_BIT_CONVERSION = YES;
				GCC_WARN_ABOUT_RETURN_TYPE = YES_ERROR;
				GCC_WARN_UNDECLARED_SELECTOR = YES;
				GCC_WARN_UNINITIALIZED_AUTOS = YES_AGGRESSIVE;
				GCC_WARN_UNUSED_FUNCTION = YES;
				GCC_WARN_UNUSED_VARIABLE = YES;
				IPHONEOS_DEPLOYMENT_TARGET = 9.3;
				MTL_ENABLE_DEBUG_INFO = YES;
				ONLY_ACTIVE_ARCH = YES;
				SDKROOT = iphoneos;
				TARGETED_DEVICE_FAMILY = 2;
			};
			name = Debug;
		};
		EE0626911DA4A21300A0CEF0 /* Release */ = {
			isa = XCBuildConfiguration;
			buildSettings = {
				ALWAYS_SEARCH_USER_PATHS = NO;
				CLANG_ANALYZER_NONNULL = YES;
				CLANG_CXX_LANGUAGE_STANDARD = "gnu++0x";
				CLANG_CXX_LIBRARY = "libc++";
				CLANG_ENABLE_MODULES = YES;
				CLANG_ENABLE_OBJC_ARC = YES;
				CLANG_WARN_BOOL_CONVERSION = YES;
				CLANG_WARN_CONSTANT_CONVERSION = YES;
				CLANG_WARN_DIRECT_OBJC_ISA_USAGE = YES_ERROR;
				CLANG_WARN_EMPTY_BODY = YES;
				CLANG_WARN_ENUM_CONVERSION = YES;
				CLANG_WARN_INT_CONVERSION = YES;
				CLANG_WARN_OBJC_ROOT_CLASS = YES_ERROR;
				CLANG_WARN_UNREACHABLE_CODE = YES;
				CLANG_WARN__DUPLICATE_METHOD_MATCH = YES;
				"CODE_SIGN_IDENTITY[sdk=iphoneos*]" = "iPhone Developer";
				COPY_PHASE_STRIP = NO;
				DEBUG_INFORMATION_FORMAT = "dwarf-with-dsym";
				ENABLE_NS_ASSERTIONS = NO;
				ENABLE_STRICT_OBJC_MSGSEND = YES;
				GCC_C_LANGUAGE_STANDARD = gnu99;
				GCC_NO_COMMON_BLOCKS = YES;
				GCC_WARN_64_TO_32_BIT_CONVERSION = YES;
				GCC_WARN_ABOUT_RETURN_TYPE = YES_ERROR;
				GCC_WARN_UNDECLARED_SELECTOR = YES;
				GCC_WARN_UNINITIALIZED_AUTOS = YES_AGGRESSIVE;
				GCC_WARN_UNUSED_FUNCTION = YES;
				GCC_WARN_UNUSED_VARIABLE = YES;
				IPHONEOS_DEPLOYMENT_TARGET = 9.3;
				MTL_ENABLE_DEBUG_INFO = NO;
				SDKROOT = iphoneos;
				TARGETED_DEVICE_FAMILY = 2;
				VALIDATE_PRODUCT = YES;
			};
			name = Release;
		};
		EE0626931DA4A21300A0CEF0 /* Debug */ = {
			isa = XCBuildConfiguration;
			buildSettings = {
				ASSETCATALOG_COMPILER_APPICON_NAME = AppIcon;
				INFOPLIST_FILE = Nerdfeed/Info.plist;
				LD_RUNPATH_SEARCH_PATHS = "$(inherited) @executable_path/Frameworks";
				PRODUCT_BUNDLE_IDENTIFIER = honglt.Nerdfeed;
				PRODUCT_NAME = "$(TARGET_NAME)";
				TARGETED_DEVICE_FAMILY = "1,2";
			};
			name = Debug;
		};
		EE0626941DA4A21300A0CEF0 /* Release */ = {
			isa = XCBuildConfiguration;
			buildSettings = {
				ASSETCATALOG_COMPILER_APPICON_NAME = AppIcon;
				INFOPLIST_FILE = Nerdfeed/Info.plist;
				LD_RUNPATH_SEARCH_PATHS = "$(inherited) @executable_path/Frameworks";
				PRODUCT_BUNDLE_IDENTIFIER = honglt.Nerdfeed;
				PRODUCT_NAME = "$(TARGET_NAME)";
				TARGETED_DEVICE_FAMILY = "1,2";
			};
			name = Release;
		};
/* End XCBuildConfiguration section */

/* Begin XCConfigurationList section */
		EE0626761DA4A21300A0CEF0 /* Build configuration list for PBXProject "Nerdfeed" */ = {
			isa = XCConfigurationList;
			buildConfigurations = (
				EE0626901DA4A21300A0CEF0 /* Debug */,
				EE0626911DA4A21300A0CEF0 /* Release */,
			);
			defaultConfigurationIsVisible = 0;
			defaultConfigurationName = Release;
		};
		EE0626921DA4A21300A0CEF0 /* Build configuration list for PBXNativeTarget "Nerdfeed" */ = {
			isa = XCConfigurationList;
			buildConfigurations = (
				EE0626931DA4A21300A0CEF0 /* Debug */,
				EE0626941DA4A21300A0CEF0 /* Release */,
			);
			defaultConfigurationIsVisible = 0;
			defaultConfigurationName = Release;
		};
/* End XCConfigurationList section */
	};
	rootObject = EE0626731DA4A21300A0CEF0 /* Project object */;
}
